
Microsoft Visual Studio Solution File, Format Version 12.00
# Visual Studio Version 16
VisualStudioVersion = 16.0.28803.202
MinimumVisualStudioVersion = 10.0.40219.1
Project("{151D2E53-A2C4-4D7D-83FE-D05416EBD58E}") = "hybrid-datacenter", "hybrid-datacenter.deployproj", "{B6A8A579-7E0F-493A-AF3A-495574D4FDD5}"
EndProject
Global
	GlobalSection(SolutionConfigurationPlatforms) = preSolution
		Debug|Any CPU = Debug|Any CPU
		Release|Any CPU = Release|Any CPU
	EndGlobalSection
	GlobalSection(ProjectConfigurationPlatforms) = postSolution
		{B6A8A579-7E0F-493A-AF3A-495574D4FDD5}.Debug|Any CPU.ActiveCfg = Debug|Any CPU
		{B6A8A579-7E0F-493A-AF3A-495574D4FDD5}.Debug|Any CPU.Build.0 = Debug|Any CPU
		{B6A8A579-7E0F-493A-AF3A-495574D4FDD5}.Release|Any CPU.ActiveCfg = Release|Any CPU
		{B6A8A579-7E0F-493A-AF3A-495574D4FDD5}.Release|Any CPU.Build.0 = Release|Any CPU
	EndGlobalSection
	GlobalSection(SolutionProperties) = preSolution
		HideSolutionNode = FALSE
	EndGlobalSection
	GlobalSection(ExtensibilityGlobals) = postSolution
		SolutionGuid = {328041BA-A39D-4C2A-9105-8E3D5B99D81B}
	EndGlobalSection
EndGlobal
